// !$*UTF8*$!
{
	archiveVersion = 1;
	classes = {
	};
	objectVersion = 56;
	objects = {

/* Begin PBXBuildFile section */
		A1299F3D2AD867D6002CB878 /* ProfileSets.swift in Sources */ = {isa = PBXBuildFile; fileRef = A1299F3C2AD867D6002CB878 /* ProfileSets.swift */; };
		A13941D02ADB83D000CE2313 /* Settings.swift in Sources */ = {isa = PBXBuildFile; fileRef = A13941CF2ADB83D000CE2313 /* Settings.swift */; };
		A1D37B1C2ACFCF4800757164 /* AppStudioApp.swift in Sources */ = {isa = PBXBuildFile; fileRef = A1D37B1B2ACFCF4800757164 /* AppStudioApp.swift */; };
		A1D37B1E2ACFCF4800757164 /* ContentView.swift in Sources */ = {isa = PBXBuildFile; fileRef = A1D37B1D2ACFCF4800757164 /* ContentView.swift */; };
		A1D37B202ACFCF4A00757164 /* Assets.xcassets in Resources */ = {isa = PBXBuildFile; fileRef = A1D37B1F2ACFCF4A00757164 /* Assets.xcassets */; };
		A1D37B232ACFCF4A00757164 /* Preview Assets.xcassets in Resources */ = {isa = PBXBuildFile; fileRef = A1D37B222ACFCF4A00757164 /* Preview Assets.xcassets */; };
		A1D37B2D2ACFCF4A00757164 /* AppStudioTests.swift in Sources */ = {isa = PBXBuildFile; fileRef = A1D37B2C2ACFCF4A00757164 /* AppStudioTests.swift */; };
		A1D37B372ACFCF4A00757164 /* AppStudioUITests.swift in Sources */ = {isa = PBXBuildFile; fileRef = A1D37B362ACFCF4A00757164 /* AppStudioUITests.swift */; };
		A1D37B392ACFCF4A00757164 /* AppStudioUITestsLaunchTests.swift in Sources */ = {isa = PBXBuildFile; fileRef = A1D37B382ACFCF4A00757164 /* AppStudioUITestsLaunchTests.swift */; };
		A1D37B462ACFCF6600757164 /* OnBoardingSlide.swift in Sources */ = {isa = PBXBuildFile; fileRef = A1D37B452ACFCF6600757164 /* OnBoardingSlide.swift */; };
		A1D37B482ACFD04400757164 /* CardView.swift in Sources */ = {isa = PBXBuildFile; fileRef = A1D37B472ACFD04400757164 /* CardView.swift */; };
		A1D37B4A2ACFD63800757164 /* AppTabBarView.swift in Sources */ = {isa = PBXBuildFile; fileRef = A1D37B492ACFD63800757164 /* AppTabBarView.swift */; };
		A1D37B502ACFD73C00757164 /* MainTabBarItemsPreferenceKey.swift in Sources */ = {isa = PBXBuildFile; fileRef = A1D37B4F2ACFD73C00757164 /* MainTabBarItemsPreferenceKey.swift */; };
		A1D37B542ACFD77300757164 /* MainTabBarView.swift in Sources */ = {isa = PBXBuildFile; fileRef = A1D37B512ACFD77200757164 /* MainTabBarView.swift */; };
		A1D37B552ACFD77300757164 /* MainTabBarContainerView.swift in Sources */ = {isa = PBXBuildFile; fileRef = A1D37B522ACFD77200757164 /* MainTabBarContainerView.swift */; };
		A1D37B562ACFD77300757164 /* MainTabBarItem.swift in Sources */ = {isa = PBXBuildFile; fileRef = A1D37B532ACFD77300757164 /* MainTabBarItem.swift */; };
		A1D37B5E2ACFD78500757164 /* MainFeedView.swift in Sources */ = {isa = PBXBuildFile; fileRef = A1D37B582ACFD78500757164 /* MainFeedView.swift */; };
		A1D37B5F2ACFD78500757164 /* QnAView.swift in Sources */ = {isa = PBXBuildFile; fileRef = A1D37B592ACFD78500757164 /* QnAView.swift */; };
		A1D37B602ACFD78500757164 /* FeedView.swift in Sources */ = {isa = PBXBuildFile; fileRef = A1D37B5A2ACFD78500757164 /* FeedView.swift */; };
		A1D37B612ACFD78500757164 /* FeedTabBarView.swift in Sources */ = {isa = PBXBuildFile; fileRef = A1D37B5C2ACFD78500757164 /* FeedTabBarView.swift */; };
		A1D37B622ACFD78500757164 /* FeedTabBarItem.swift in Sources */ = {isa = PBXBuildFile; fileRef = A1D37B5D2ACFD78500757164 /* FeedTabBarItem.swift */; };
		A1D37B642ACFD78E00757164 /* ProfileView.swift in Sources */ = {isa = PBXBuildFile; fileRef = A1D37B632ACFD78E00757164 /* ProfileView.swift */; };
		A1D37B662ACFD79300757164 /* ChatView.swift in Sources */ = {isa = PBXBuildFile; fileRef = A1D37B652ACFD79300757164 /* ChatView.swift */; };
		A1D37B682ACFD7AD00757164 /* CustomColors.swift in Sources */ = {isa = PBXBuildFile; fileRef = A1D37B672ACFD7AC00757164 /* CustomColors.swift */; };
		A1D37B6B2ACFDB3D00757164 /* LogInView.swift in Sources */ = {isa = PBXBuildFile; fileRef = A1D37B6A2ACFDB3D00757164 /* LogInView.swift */; };
		A1D37B6D2ACFDD0900757164 /* CheckboxView.swift in Sources */ = {isa = PBXBuildFile; fileRef = A1D37B6C2ACFDD0900757164 /* CheckboxView.swift */; };
		A1D37B6F2ACFE37D00757164 /* RegisterView.swift in Sources */ = {isa = PBXBuildFile; fileRef = A1D37B6E2ACFE37D00757164 /* RegisterView.swift */; };
		D647806A2ADCB87F008282A9 /* AboutInfo.swift in Sources */ = {isa = PBXBuildFile; fileRef = D64780692ADCB87F008282A9 /* AboutInfo.swift */; };
		D6B36DFA2ADFB78B00A355DB /* EditProfileView.swift in Sources */ = {isa = PBXBuildFile; fileRef = D6B36DF92ADFB78B00A355DB /* EditProfileView.swift */; };
		D6B36DFC2ADFBE4200A355DB /* MockData.swift in Sources */ = {isa = PBXBuildFile; fileRef = D6B36DFB2ADFBE4200A355DB /* MockData.swift */; };
/* End PBXBuildFile section */

/* Begin PBXContainerItemProxy section */
		A1D37B292ACFCF4A00757164 /* PBXContainerItemProxy */ = {
			isa = PBXContainerItemProxy;
			containerPortal = A1D37B102ACFCF4800757164 /* Project object */;
			proxyType = 1;
			remoteGlobalIDString = A1D37B172ACFCF4800757164;
			remoteInfo = AppStudio;
		};
		A1D37B332ACFCF4A00757164 /* PBXContainerItemProxy */ = {
			isa = PBXContainerItemProxy;
			containerPortal = A1D37B102ACFCF4800757164 /* Project object */;
			proxyType = 1;
			remoteGlobalIDString = A1D37B172ACFCF4800757164;
			remoteInfo = AppStudio;
		};
/* End PBXContainerItemProxy section */

/* Begin PBXFileReference section */
		A1299F3C2AD867D6002CB878 /* ProfileSets.swift */ = {isa = PBXFileReference; lastKnownFileType = sourcecode.swift; path = ProfileSets.swift; sourceTree = "<group>"; };
		A13941CF2ADB83D000CE2313 /* Settings.swift */ = {isa = PBXFileReference; lastKnownFileType = sourcecode.swift; path = Settings.swift; sourceTree = "<group>"; };
		A1D37B182ACFCF4800757164 /* AppStudio.app */ = {isa = PBXFileReference; explicitFileType = wrapper.application; includeInIndex = 0; path = AppStudio.app; sourceTree = BUILT_PRODUCTS_DIR; };
		A1D37B1B2ACFCF4800757164 /* AppStudioApp.swift */ = {isa = PBXFileReference; lastKnownFileType = sourcecode.swift; path = AppStudioApp.swift; sourceTree = "<group>"; };
		A1D37B1D2ACFCF4800757164 /* ContentView.swift */ = {isa = PBXFileReference; lastKnownFileType = sourcecode.swift; path = ContentView.swift; sourceTree = "<group>"; };
		A1D37B1F2ACFCF4A00757164 /* Assets.xcassets */ = {isa = PBXFileReference; lastKnownFileType = folder.assetcatalog; path = Assets.xcassets; sourceTree = "<group>"; };
		A1D37B222ACFCF4A00757164 /* Preview Assets.xcassets */ = {isa = PBXFileReference; lastKnownFileType = folder.assetcatalog; path = "Preview Assets.xcassets"; sourceTree = "<group>"; };
		A1D37B282ACFCF4A00757164 /* AppStudioTests.xctest */ = {isa = PBXFileReference; explicitFileType = wrapper.cfbundle; includeInIndex = 0; path = AppStudioTests.xctest; sourceTree = BUILT_PRODUCTS_DIR; };
		A1D37B2C2ACFCF4A00757164 /* AppStudioTests.swift */ = {isa = PBXFileReference; lastKnownFileType = sourcecode.swift; path = AppStudioTests.swift; sourceTree = "<group>"; };
		A1D37B322ACFCF4A00757164 /* AppStudioUITests.xctest */ = {isa = PBXFileReference; explicitFileType = wrapper.cfbundle; includeInIndex = 0; path = AppStudioUITests.xctest; sourceTree = BUILT_PRODUCTS_DIR; };
		A1D37B362ACFCF4A00757164 /* AppStudioUITests.swift */ = {isa = PBXFileReference; lastKnownFileType = sourcecode.swift; path = AppStudioUITests.swift; sourceTree = "<group>"; };
		A1D37B382ACFCF4A00757164 /* AppStudioUITestsLaunchTests.swift */ = {isa = PBXFileReference; lastKnownFileType = sourcecode.swift; path = AppStudioUITestsLaunchTests.swift; sourceTree = "<group>"; };
		A1D37B452ACFCF6600757164 /* OnBoardingSlide.swift */ = {isa = PBXFileReference; lastKnownFileType = sourcecode.swift; path = OnBoardingSlide.swift; sourceTree = "<group>"; };
		A1D37B472ACFD04400757164 /* CardView.swift */ = {isa = PBXFileReference; lastKnownFileType = sourcecode.swift; path = CardView.swift; sourceTree = "<group>"; };
		A1D37B492ACFD63800757164 /* AppTabBarView.swift */ = {isa = PBXFileReference; lastKnownFileType = sourcecode.swift; path = AppTabBarView.swift; sourceTree = "<group>"; };
		A1D37B4F2ACFD73C00757164 /* MainTabBarItemsPreferenceKey.swift */ = {isa = PBXFileReference; lastKnownFileType = sourcecode.swift; path = MainTabBarItemsPreferenceKey.swift; sourceTree = "<group>"; };
		A1D37B512ACFD77200757164 /* MainTabBarView.swift */ = {isa = PBXFileReference; fileEncoding = 4; lastKnownFileType = sourcecode.swift; path = MainTabBarView.swift; sourceTree = "<group>"; };
		A1D37B522ACFD77200757164 /* MainTabBarContainerView.swift */ = {isa = PBXFileReference; fileEncoding = 4; lastKnownFileType = sourcecode.swift; path = MainTabBarContainerView.swift; sourceTree = "<group>"; };
		A1D37B532ACFD77300757164 /* MainTabBarItem.swift */ = {isa = PBXFileReference; fileEncoding = 4; lastKnownFileType = sourcecode.swift; path = MainTabBarItem.swift; sourceTree = "<group>"; };
		A1D37B582ACFD78500757164 /* MainFeedView.swift */ = {isa = PBXFileReference; fileEncoding = 4; lastKnownFileType = sourcecode.swift; path = MainFeedView.swift; sourceTree = "<group>"; };
		A1D37B592ACFD78500757164 /* QnAView.swift */ = {isa = PBXFileReference; fileEncoding = 4; lastKnownFileType = sourcecode.swift; path = QnAView.swift; sourceTree = "<group>"; };
		A1D37B5A2ACFD78500757164 /* FeedView.swift */ = {isa = PBXFileReference; fileEncoding = 4; lastKnownFileType = sourcecode.swift; path = FeedView.swift; sourceTree = "<group>"; };
		A1D37B5C2ACFD78500757164 /* FeedTabBarView.swift */ = {isa = PBXFileReference; fileEncoding = 4; lastKnownFileType = sourcecode.swift; path = FeedTabBarView.swift; sourceTree = "<group>"; };
		A1D37B5D2ACFD78500757164 /* FeedTabBarItem.swift */ = {isa = PBXFileReference; fileEncoding = 4; lastKnownFileType = sourcecode.swift; path = FeedTabBarItem.swift; sourceTree = "<group>"; };
		A1D37B632ACFD78E00757164 /* ProfileView.swift */ = {isa = PBXFileReference; fileEncoding = 4; lastKnownFileType = sourcecode.swift; path = ProfileView.swift; sourceTree = "<group>"; };
		A1D37B652ACFD79300757164 /* ChatView.swift */ = {isa = PBXFileReference; fileEncoding = 4; lastKnownFileType = sourcecode.swift; path = ChatView.swift; sourceTree = "<group>"; };
		A1D37B672ACFD7AC00757164 /* CustomColors.swift */ = {isa = PBXFileReference; fileEncoding = 4; lastKnownFileType = sourcecode.swift; path = CustomColors.swift; sourceTree = "<group>"; };
		A1D37B6A2ACFDB3D00757164 /* LogInView.swift */ = {isa = PBXFileReference; lastKnownFileType = sourcecode.swift; path = LogInView.swift; sourceTree = "<group>"; };
		A1D37B6C2ACFDD0900757164 /* CheckboxView.swift */ = {isa = PBXFileReference; lastKnownFileType = sourcecode.swift; path = CheckboxView.swift; sourceTree = "<group>"; };
		A1D37B6E2ACFE37D00757164 /* RegisterView.swift */ = {isa = PBXFileReference; lastKnownFileType = sourcecode.swift; path = RegisterView.swift; sourceTree = "<group>"; };
		D64780692ADCB87F008282A9 /* AboutInfo.swift */ = {isa = PBXFileReference; lastKnownFileType = sourcecode.swift; path = AboutInfo.swift; sourceTree = "<group>"; };
		D6B36DF92ADFB78B00A355DB /* EditProfileView.swift */ = {isa = PBXFileReference; lastKnownFileType = sourcecode.swift; path = EditProfileView.swift; sourceTree = "<group>"; };
		D6B36DFB2ADFBE4200A355DB /* MockData.swift */ = {isa = PBXFileReference; lastKnownFileType = sourcecode.swift; path = MockData.swift; sourceTree = "<group>"; };
/* End PBXFileReference section */

/* Begin PBXFrameworksBuildPhase section */
		A1D37B152ACFCF4800757164 /* Frameworks */ = {
			isa = PBXFrameworksBuildPhase;
			buildActionMask = 2147483647;
			files = (
			);
			runOnlyForDeploymentPostprocessing = 0;
		};
		A1D37B252ACFCF4A00757164 /* Frameworks */ = {
			isa = PBXFrameworksBuildPhase;
			buildActionMask = 2147483647;
			files = (
			);
			runOnlyForDeploymentPostprocessing = 0;
		};
		A1D37B2F2ACFCF4A00757164 /* Frameworks */ = {
			isa = PBXFrameworksBuildPhase;
			buildActionMask = 2147483647;
			files = (
			);
			runOnlyForDeploymentPostprocessing = 0;
		};
/* End PBXFrameworksBuildPhase section */

/* Begin PBXGroup section */
		A1D37B0F2ACFCF4800757164 = {
			isa = PBXGroup;
			children = (
				D6B36DFB2ADFBE4200A355DB /* MockData.swift */,
				A1D37B1A2ACFCF4800757164 /* AppStudio */,
				A1D37B2B2ACFCF4A00757164 /* AppStudioTests */,
				A1D37B352ACFCF4A00757164 /* AppStudioUITests */,
				A1D37B192ACFCF4800757164 /* Products */,
			);
			sourceTree = "<group>";
		};
		A1D37B192ACFCF4800757164 /* Products */ = {
			isa = PBXGroup;
			children = (
				A1D37B182ACFCF4800757164 /* AppStudio.app */,
				A1D37B282ACFCF4A00757164 /* AppStudioTests.xctest */,
				A1D37B322ACFCF4A00757164 /* AppStudioUITests.xctest */,
			);
			name = Products;
			sourceTree = "<group>";
		};
		A1D37B1A2ACFCF4800757164 /* AppStudio */ = {
			isa = PBXGroup;
			children = (
				D6B36DFD2ADFBE5700A355DB /* Profile */,
				A1D37B6A2ACFDB3D00757164 /* LogInView.swift */,
				A1D37B6E2ACFE37D00757164 /* RegisterView.swift */,
				A1D37B692ACFD89400757164 /* TabBar */,
				A1D37B452ACFCF6600757164 /* OnBoardingSlide.swift */,
				A1D37B1B2ACFCF4800757164 /* AppStudioApp.swift */,
				D64780692ADCB87F008282A9 /* AboutInfo.swift */,
				A1D37B1D2ACFCF4800757164 /* ContentView.swift */,
				A1D37B472ACFD04400757164 /* CardView.swift */,
				A1D37B652ACFD79300757164 /* ChatView.swift */,
				A1D37B6C2ACFDD0900757164 /* CheckboxView.swift */,
				A13941CF2ADB83D000CE2313 /* Settings.swift */,
				A1D37B572ACFD78500757164 /* Feed */,
				A1D37B1F2ACFCF4A00757164 /* Assets.xcassets */,
				A1D37B212ACFCF4A00757164 /* Preview Content */,
			);
			path = AppStudio;
			sourceTree = "<group>";
		};
		A1D37B212ACFCF4A00757164 /* Preview Content */ = {
			isa = PBXGroup;
			children = (
				A1D37B222ACFCF4A00757164 /* Preview Assets.xcassets */,
			);
			path = "Preview Content";
			sourceTree = "<group>";
		};
		A1D37B2B2ACFCF4A00757164 /* AppStudioTests */ = {
			isa = PBXGroup;
			children = (
				A1D37B2C2ACFCF4A00757164 /* AppStudioTests.swift */,
			);
			path = AppStudioTests;
			sourceTree = "<group>";
		};
		A1D37B352ACFCF4A00757164 /* AppStudioUITests */ = {
			isa = PBXGroup;
			children = (
				A1D37B362ACFCF4A00757164 /* AppStudioUITests.swift */,
				A1D37B382ACFCF4A00757164 /* AppStudioUITestsLaunchTests.swift */,
			);
			path = AppStudioUITests;
			sourceTree = "<group>";
		};
		A1D37B572ACFD78500757164 /* Feed */ = {
			isa = PBXGroup;
			children = (
				A1D37B582ACFD78500757164 /* MainFeedView.swift */,
				A1D37B592ACFD78500757164 /* QnAView.swift */,
				A1D37B5A2ACFD78500757164 /* FeedView.swift */,
				A1D37B5B2ACFD78500757164 /* FeedTabBar */,
			);
			path = Feed;
			sourceTree = "<group>";
		};
		A1D37B5B2ACFD78500757164 /* FeedTabBar */ = {
			isa = PBXGroup;
			children = (
				A1D37B5C2ACFD78500757164 /* FeedTabBarView.swift */,
				A1D37B5D2ACFD78500757164 /* FeedTabBarItem.swift */,
			);
			path = FeedTabBar;
			sourceTree = "<group>";
		};
		A1D37B692ACFD89400757164 /* TabBar */ = {
			isa = PBXGroup;
			children = (
				A1D37B512ACFD77200757164 /* MainTabBarView.swift */,
				A1D37B532ACFD77300757164 /* MainTabBarItem.swift */,
				A1D37B672ACFD7AC00757164 /* CustomColors.swift */,
				A1D37B4F2ACFD73C00757164 /* MainTabBarItemsPreferenceKey.swift */,
				A1D37B492ACFD63800757164 /* AppTabBarView.swift */,
				A1D37B522ACFD77200757164 /* MainTabBarContainerView.swift */,
			);
			path = TabBar;
			sourceTree = "<group>";
		};
		D6B36DFD2ADFBE5700A355DB /* Profile */ = {
			isa = PBXGroup;
			children = (
				A1D37B632ACFD78E00757164 /* ProfileView.swift */,
				D6B36DF92ADFB78B00A355DB /* EditProfileView.swift */,
				A1299F3C2AD867D6002CB878 /* ProfileSets.swift */,
			);
			path = Profile;
			sourceTree = "<group>";
		};
/* End PBXGroup section */

/* Begin PBXNativeTarget section */
		A1D37B172ACFCF4800757164 /* AppStudio */ = {
			isa = PBXNativeTarget;
			buildConfigurationList = A1D37B3C2ACFCF4A00757164 /* Build configuration list for PBXNativeTarget "AppStudio" */;
			buildPhases = (
				A1D37B142ACFCF4800757164 /* Sources */,
				A1D37B152ACFCF4800757164 /* Frameworks */,
				A1D37B162ACFCF4800757164 /* Resources */,
			);
			buildRules = (
			);
			dependencies = (
			);
			name = AppStudio;
			productName = AppStudio;
			productReference = A1D37B182ACFCF4800757164 /* AppStudio.app */;
			productType = "com.apple.product-type.application";
		};
		A1D37B272ACFCF4A00757164 /* AppStudioTests */ = {
			isa = PBXNativeTarget;
			buildConfigurationList = A1D37B3F2ACFCF4A00757164 /* Build configuration list for PBXNativeTarget "AppStudioTests" */;
			buildPhases = (
				A1D37B242ACFCF4A00757164 /* Sources */,
				A1D37B252ACFCF4A00757164 /* Frameworks */,
				A1D37B262ACFCF4A00757164 /* Resources */,
			);
			buildRules = (
			);
			dependencies = (
				A1D37B2A2ACFCF4A00757164 /* PBXTargetDependency */,
			);
			name = AppStudioTests;
			productName = AppStudioTests;
			productReference = A1D37B282ACFCF4A00757164 /* AppStudioTests.xctest */;
			productType = "com.apple.product-type.bundle.unit-test";
		};
		A1D37B312ACFCF4A00757164 /* AppStudioUITests */ = {
			isa = PBXNativeTarget;
			buildConfigurationList = A1D37B422ACFCF4A00757164 /* Build configuration list for PBXNativeTarget "AppStudioUITests" */;
			buildPhases = (
				A1D37B2E2ACFCF4A00757164 /* Sources */,
				A1D37B2F2ACFCF4A00757164 /* Frameworks */,
				A1D37B302ACFCF4A00757164 /* Resources */,
			);
			buildRules = (
			);
			dependencies = (
				A1D37B342ACFCF4A00757164 /* PBXTargetDependency */,
			);
			name = AppStudioUITests;
			productName = AppStudioUITests;
			productReference = A1D37B322ACFCF4A00757164 /* AppStudioUITests.xctest */;
			productType = "com.apple.product-type.bundle.ui-testing";
		};
/* End PBXNativeTarget section */

/* Begin PBXProject section */
		A1D37B102ACFCF4800757164 /* Project object */ = {
			isa = PBXProject;
			attributes = {
				BuildIndependentTargetsInParallel = 1;
				LastSwiftUpdateCheck = 1500;
				LastUpgradeCheck = 1500;
				TargetAttributes = {
					A1D37B172ACFCF4800757164 = {
						CreatedOnToolsVersion = 15.0;
					};
					A1D37B272ACFCF4A00757164 = {
						CreatedOnToolsVersion = 15.0;
						TestTargetID = A1D37B172ACFCF4800757164;
					};
					A1D37B312ACFCF4A00757164 = {
						CreatedOnToolsVersion = 15.0;
						TestTargetID = A1D37B172ACFCF4800757164;
					};
				};
			};
			buildConfigurationList = A1D37B132ACFCF4800757164 /* Build configuration list for PBXProject "AppStudio" */;
			compatibilityVersion = "Xcode 14.0";
			developmentRegion = en;
			hasScannedForEncodings = 0;
			knownRegions = (
				en,
				Base,
			);
			mainGroup = A1D37B0F2ACFCF4800757164;
			productRefGroup = A1D37B192ACFCF4800757164 /* Products */;
			projectDirPath = "";
			projectRoot = "";
			targets = (
				A1D37B172ACFCF4800757164 /* AppStudio */,
				A1D37B272ACFCF4A00757164 /* AppStudioTests */,
				A1D37B312ACFCF4A00757164 /* AppStudioUITests */,
			);
		};
/* End PBXProject section */

/* Begin PBXResourcesBuildPhase section */
		A1D37B162ACFCF4800757164 /* Resources */ = {
			isa = PBXResourcesBuildPhase;
			buildActionMask = 2147483647;
			files = (
				A1D37B232ACFCF4A00757164 /* Preview Assets.xcassets in Resources */,
				A1D37B202ACFCF4A00757164 /* Assets.xcassets in Resources */,
			);
			runOnlyForDeploymentPostprocessing = 0;
		};
		A1D37B262ACFCF4A00757164 /* Resources */ = {
			isa = PBXResourcesBuildPhase;
			buildActionMask = 2147483647;
			files = (
			);
			runOnlyForDeploymentPostprocessing = 0;
		};
		A1D37B302ACFCF4A00757164 /* Resources */ = {
			isa = PBXResourcesBuildPhase;
			buildActionMask = 2147483647;
			files = (
			);
			runOnlyForDeploymentPostprocessing = 0;
		};
/* End PBXResourcesBuildPhase section */

/* Begin PBXSourcesBuildPhase section */
		A1D37B142ACFCF4800757164 /* Sources */ = {
			isa = PBXSourcesBuildPhase;
			buildActionMask = 2147483647;
			files = (
				A1D37B502ACFD73C00757164 /* MainTabBarItemsPreferenceKey.swift in Sources */,
				A1D37B6F2ACFE37D00757164 /* RegisterView.swift in Sources */,
				A1D37B1E2ACFCF4800757164 /* ContentView.swift in Sources */,
				D6B36DFC2ADFBE4200A355DB /* MockData.swift in Sources */,
				A1D37B542ACFD77300757164 /* MainTabBarView.swift in Sources */,
				A1D37B462ACFCF6600757164 /* OnBoardingSlide.swift in Sources */,
				A1D37B662ACFD79300757164 /* ChatView.swift in Sources */,
				A1D37B602ACFD78500757164 /* FeedView.swift in Sources */,
				A1D37B6B2ACFDB3D00757164 /* LogInView.swift in Sources */,
				A1D37B482ACFD04400757164 /* CardView.swift in Sources */,
				A1D37B562ACFD77300757164 /* MainTabBarItem.swift in Sources */,
				A1D37B642ACFD78E00757164 /* ProfileView.swift in Sources */,
				A1D37B682ACFD7AD00757164 /* CustomColors.swift in Sources */,
				A1299F3D2AD867D6002CB878 /* ProfileSets.swift in Sources */,
				A1D37B1C2ACFCF4800757164 /* AppStudioApp.swift in Sources */,
				D6B36DFA2ADFB78B00A355DB /* EditProfileView.swift in Sources */,
				A1D37B612ACFD78500757164 /* FeedTabBarView.swift in Sources */,
				A1D37B4A2ACFD63800757164 /* AppTabBarView.swift in Sources */,
				D647806A2ADCB87F008282A9 /* AboutInfo.swift in Sources */,
				A1D37B552ACFD77300757164 /* MainTabBarContainerView.swift in Sources */,
				A1D37B5E2ACFD78500757164 /* MainFeedView.swift in Sources */,
				A1D37B6D2ACFDD0900757164 /* CheckboxView.swift in Sources */,
				A1D37B622ACFD78500757164 /* FeedTabBarItem.swift in Sources */,
				A13941D02ADB83D000CE2313 /* Settings.swift in Sources */,
				A1D37B5F2ACFD78500757164 /* QnAView.swift in Sources */,
			);
			runOnlyForDeploymentPostprocessing = 0;
		};
		A1D37B242ACFCF4A00757164 /* Sources */ = {
			isa = PBXSourcesBuildPhase;
			buildActionMask = 2147483647;
			files = (
				A1D37B2D2ACFCF4A00757164 /* AppStudioTests.swift in Sources */,
			);
			runOnlyForDeploymentPostprocessing = 0;
		};
		A1D37B2E2ACFCF4A00757164 /* Sources */ = {
			isa = PBXSourcesBuildPhase;
			buildActionMask = 2147483647;
			files = (
				A1D37B392ACFCF4A00757164 /* AppStudioUITestsLaunchTests.swift in Sources */,
				A1D37B372ACFCF4A00757164 /* AppStudioUITests.swift in Sources */,
			);
			runOnlyForDeploymentPostprocessing = 0;
		};
/* End PBXSourcesBuildPhase section */

/* Begin PBXTargetDependency section */
		A1D37B2A2ACFCF4A00757164 /* PBXTargetDependency */ = {
			isa = PBXTargetDependency;
			target = A1D37B172ACFCF4800757164 /* AppStudio */;
			targetProxy = A1D37B292ACFCF4A00757164 /* PBXContainerItemProxy */;
		};
		A1D37B342ACFCF4A00757164 /* PBXTargetDependency */ = {
			isa = PBXTargetDependency;
			target = A1D37B172ACFCF4800757164 /* AppStudio */;
			targetProxy = A1D37B332ACFCF4A00757164 /* PBXContainerItemProxy */;
		};
/* End PBXTargetDependency section */

/* Begin XCBuildConfiguration section */
		A1D37B3A2ACFCF4A00757164 /* Debug */ = {
			isa = XCBuildConfiguration;
			buildSettings = {
				ALWAYS_SEARCH_USER_PATHS = NO;
				ASSETCATALOG_COMPILER_GENERATE_SWIFT_ASSET_SYMBOL_EXTENSIONS = YES;
				CLANG_ANALYZER_NONNULL = YES;
				CLANG_ANALYZER_NUMBER_OBJECT_CONVERSION = YES_AGGRESSIVE;
				CLANG_CXX_LANGUAGE_STANDARD = "gnu++20";
				CLANG_ENABLE_MODULES = YES;
				CLANG_ENABLE_OBJC_ARC = YES;
				CLANG_ENABLE_OBJC_WEAK = YES;
				CLANG_WARN_BLOCK_CAPTURE_AUTORELEASING = YES;
				CLANG_WARN_BOOL_CONVERSION = YES;
				CLANG_WARN_COMMA = YES;
				CLANG_WARN_CONSTANT_CONVERSION = YES;
				CLANG_WARN_DEPRECATED_OBJC_IMPLEMENTATIONS = YES;
				CLANG_WARN_DIRECT_OBJC_ISA_USAGE = YES_ERROR;
				CLANG_WARN_DOCUMENTATION_COMMENTS = YES;
				CLANG_WARN_EMPTY_BODY = YES;
				CLANG_WARN_ENUM_CONVERSION = YES;
				CLANG_WARN_INFINITE_RECURSION = YES;
				CLANG_WARN_INT_CONVERSION = YES;
				CLANG_WARN_NON_LITERAL_NULL_CONVERSION = YES;
				CLANG_WARN_OBJC_IMPLICIT_RETAIN_SELF = YES;
				CLANG_WARN_OBJC_LITERAL_CONVERSION = YES;
				CLANG_WARN_OBJC_ROOT_CLASS = YES_ERROR;
				CLANG_WARN_QUOTED_INCLUDE_IN_FRAMEWORK_HEADER = YES;
				CLANG_WARN_RANGE_LOOP_ANALYSIS = YES;
				CLANG_WARN_STRICT_PROTOTYPES = YES;
				CLANG_WARN_SUSPICIOUS_MOVE = YES;
				CLANG_WARN_UNGUARDED_AVAILABILITY = YES_AGGRESSIVE;
				CLANG_WARN_UNREACHABLE_CODE = YES;
				CLANG_WARN__DUPLICATE_METHOD_MATCH = YES;
				COPY_PHASE_STRIP = NO;
				DEBUG_INFORMATION_FORMAT = dwarf;
				ENABLE_STRICT_OBJC_MSGSEND = YES;
				ENABLE_TESTABILITY = YES;
				ENABLE_USER_SCRIPT_SANDBOXING = YES;
				GCC_C_LANGUAGE_STANDARD = gnu17;
				GCC_DYNAMIC_NO_PIC = NO;
				GCC_NO_COMMON_BLOCKS = YES;
				GCC_OPTIMIZATION_LEVEL = 0;
				GCC_PREPROCESSOR_DEFINITIONS = (
					"DEBUG=1",
					"$(inherited)",
				);
				GCC_WARN_64_TO_32_BIT_CONVERSION = YES;
				GCC_WARN_ABOUT_RETURN_TYPE = YES_ERROR;
				GCC_WARN_UNDECLARED_SELECTOR = YES;
				GCC_WARN_UNINITIALIZED_AUTOS = YES_AGGRESSIVE;
				GCC_WARN_UNUSED_FUNCTION = YES;
				GCC_WARN_UNUSED_VARIABLE = YES;
				IPHONEOS_DEPLOYMENT_TARGET = 17.0;
				LOCALIZATION_PREFERS_STRING_CATALOGS = YES;
				MTL_ENABLE_DEBUG_INFO = INCLUDE_SOURCE;
				MTL_FAST_MATH = YES;
				ONLY_ACTIVE_ARCH = YES;
				SDKROOT = iphoneos;
				SWIFT_ACTIVE_COMPILATION_CONDITIONS = "DEBUG $(inherited)";
				SWIFT_OPTIMIZATION_LEVEL = "-Onone";
			};
			name = Debug;
		};
		A1D37B3B2ACFCF4A00757164 /* Release */ = {
			isa = XCBuildConfiguration;
			buildSettings = {
				ALWAYS_SEARCH_USER_PATHS = NO;
				ASSETCATALOG_COMPILER_GENERATE_SWIFT_ASSET_SYMBOL_EXTENSIONS = YES;
				CLANG_ANALYZER_NONNULL = YES;
				CLANG_ANALYZER_NUMBER_OBJECT_CONVERSION = YES_AGGRESSIVE;
				CLANG_CXX_LANGUAGE_STANDARD = "gnu++20";
				CLANG_ENABLE_MODULES = YES;
				CLANG_ENABLE_OBJC_ARC = YES;
				CLANG_ENABLE_OBJC_WEAK = YES;
				CLANG_WARN_BLOCK_CAPTURE_AUTORELEASING = YES;
				CLANG_WARN_BOOL_CONVERSION = YES;
				CLANG_WARN_COMMA = YES;
				CLANG_WARN_CONSTANT_CONVERSION = YES;
				CLANG_WARN_DEPRECATED_OBJC_IMPLEMENTATIONS = YES;
				CLANG_WARN_DIRECT_OBJC_ISA_USAGE = YES_ERROR;
				CLANG_WARN_DOCUMENTATION_COMMENTS = YES;
				CLANG_WARN_EMPTY_BODY = YES;
				CLANG_WARN_ENUM_CONVERSION = YES;
				CLANG_WARN_INFINITE_RECURSION = YES;
				CLANG_WARN_INT_CONVERSION = YES;
				CLANG_WARN_NON_LITERAL_NULL_CONVERSION = YES;
				CLANG_WARN_OBJC_IMPLICIT_RETAIN_SELF = YES;
				CLANG_WARN_OBJC_LITERAL_CONVERSION = YES;
				CLANG_WARN_OBJC_ROOT_CLASS = YES_ERROR;
				CLANG_WARN_QUOTED_INCLUDE_IN_FRAMEWORK_HEADER = YES;
				CLANG_WARN_RANGE_LOOP_ANALYSIS = YES;
				CLANG_WARN_STRICT_PROTOTYPES = YES;
				CLANG_WARN_SUSPICIOUS_MOVE = YES;
				CLANG_WARN_UNGUARDED_AVAILABILITY = YES_AGGRESSIVE;
				CLANG_WARN_UNREACHABLE_CODE = YES;
				CLANG_WARN__DUPLICATE_METHOD_MATCH = YES;
				COPY_PHASE_STRIP = NO;
				DEBUG_INFORMATION_FORMAT = "dwarf-with-dsym";
				ENABLE_NS_ASSERTIONS = NO;
				ENABLE_STRICT_OBJC_MSGSEND = YES;
				ENABLE_USER_SCRIPT_SANDBOXING = YES;
				GCC_C_LANGUAGE_STANDARD = gnu17;
				GCC_NO_COMMON_BLOCKS = YES;
				GCC_WARN_64_TO_32_BIT_CONVERSION = YES;
				GCC_WARN_ABOUT_RETURN_TYPE = YES_ERROR;
				GCC_WARN_UNDECLARED_SELECTOR = YES;
				GCC_WARN_UNINITIALIZED_AUTOS = YES_AGGRESSIVE;
				GCC_WARN_UNUSED_FUNCTION = YES;
				GCC_WARN_UNUSED_VARIABLE = YES;
				IPHONEOS_DEPLOYMENT_TARGET = 17.0;
				LOCALIZATION_PREFERS_STRING_CATALOGS = YES;
				MTL_ENABLE_DEBUG_INFO = NO;
				MTL_FAST_MATH = YES;
				SDKROOT = iphoneos;
				SWIFT_COMPILATION_MODE = wholemodule;
				VALIDATE_PRODUCT = YES;
			};
			name = Release;
		};
		A1D37B3D2ACFCF4A00757164 /* Debug */ = {
			isa = XCBuildConfiguration;
			buildSettings = {
				ASSETCATALOG_COMPILER_APPICON_NAME = AppIcon;
				ASSETCATALOG_COMPILER_GLOBAL_ACCENT_COLOR_NAME = AccentColor;
				CODE_SIGN_STYLE = Automatic;
				CURRENT_PROJECT_VERSION = 1;
				DEVELOPMENT_ASSET_PATHS = "\"AppStudio/Preview Content\"";
				DEVELOPMENT_TEAM = D99DB5VWR6;
				ENABLE_PREVIEWS = YES;
				GENERATE_INFOPLIST_FILE = YES;
				INFOPLIST_KEY_UIApplicationSceneManifest_Generation = YES;
				INFOPLIST_KEY_UIApplicationSupportsIndirectInputEvents = YES;
				INFOPLIST_KEY_UILaunchScreen_Generation = YES;
				INFOPLIST_KEY_UISupportedInterfaceOrientations_iPad = "UIInterfaceOrientationPortrait UIInterfaceOrientationPortraitUpsideDown UIInterfaceOrientationLandscapeLeft UIInterfaceOrientationLandscapeRight";
				INFOPLIST_KEY_UISupportedInterfaceOrientations_iPhone = "UIInterfaceOrientationPortrait UIInterfaceOrientationLandscapeLeft UIInterfaceOrientationLandscapeRight";
				LD_RUNPATH_SEARCH_PATHS = (
					"$(inherited)",
					"@executable_path/Frameworks",
				);
				MARKETING_VERSION = 1.0;
				PRODUCT_BUNDLE_IDENTIFIER = com.Andy.AppStudio;
				PRODUCT_NAME = "$(TARGET_NAME)";
				SWIFT_EMIT_LOC_STRINGS = YES;
				SWIFT_VERSION = 5.0;
				TARGETED_DEVICE_FAMILY = "1,2";
			};
			name = Debug;
		};
		A1D37B3E2ACFCF4A00757164 /* Release */ = {
			isa = XCBuildConfiguration;
			buildSettings = {
				ASSETCATALOG_COMPILER_APPICON_NAME = AppIcon;
				ASSETCATALOG_COMPILER_GLOBAL_ACCENT_COLOR_NAME = AccentColor;
				CODE_SIGN_STYLE = Automatic;
				CURRENT_PROJECT_VERSION = 1;
				DEVELOPMENT_ASSET_PATHS = "\"AppStudio/Preview Content\"";
				DEVELOPMENT_TEAM = D99DB5VWR6;
				ENABLE_PREVIEWS = YES;
				GENERATE_INFOPLIST_FILE = YES;
				INFOPLIST_KEY_UIApplicationSceneManifest_Generation = YES;
				INFOPLIST_KEY_UIApplicationSupportsIndirectInputEvents = YES;
				INFOPLIST_KEY_UILaunchScreen_Generation = YES;
				INFOPLIST_KEY_UISupportedInterfaceOrientations_iPad = "UIInterfaceOrientationPortrait UIInterfaceOrientationPortraitUpsideDown UIInterfaceOrientationLandscapeLeft UIInterfaceOrientationLandscapeRight";
				INFOPLIST_KEY_UISupportedInterfaceOrientations_iPhone = "UIInterfaceOrientationPortrait UIInterfaceOrientationLandscapeLeft UIInterfaceOrientationLandscapeRight";
				LD_RUNPATH_SEARCH_PATHS = (
					"$(inherited)",
					"@executable_path/Frameworks",
				);
				MARKETING_VERSION = 1.0;
				PRODUCT_BUNDLE_IDENTIFIER = com.Andy.AppStudio;
				PRODUCT_NAME = "$(TARGET_NAME)";
				SWIFT_EMIT_LOC_STRINGS = YES;
				SWIFT_VERSION = 5.0;
				TARGETED_DEVICE_FAMILY = "1,2";
			};
			name = Release;
		};
		A1D37B402ACFCF4A00757164 /* Debug */ = {
			isa = XCBuildConfiguration;
			buildSettings = {
				ALWAYS_EMBED_SWIFT_STANDARD_LIBRARIES = YES;
				BUNDLE_LOADER = "$(TEST_HOST)";
				CODE_SIGN_STYLE = Automatic;
				CURRENT_PROJECT_VERSION = 1;
				DEVELOPMENT_TEAM = D99DB5VWR6;
				GENERATE_INFOPLIST_FILE = YES;
				IPHONEOS_DEPLOYMENT_TARGET = 17.0;
				MARKETING_VERSION = 1.0;
				PRODUCT_BUNDLE_IDENTIFIER = com.Andy.AppStudioTests;
				PRODUCT_NAME = "$(TARGET_NAME)";
				SWIFT_EMIT_LOC_STRINGS = NO;
				SWIFT_VERSION = 5.0;
				TARGETED_DEVICE_FAMILY = "1,2";
				TEST_HOST = "$(BUILT_PRODUCTS_DIR)/AppStudio.app/$(BUNDLE_EXECUTABLE_FOLDER_PATH)/AppStudio";
			};
			name = Debug;
		};
		A1D37B412ACFCF4A00757164 /* Release */ = {
			isa = XCBuildConfiguration;
			buildSettings = {
				ALWAYS_EMBED_SWIFT_STANDARD_LIBRARIES = YES;
				BUNDLE_LOADER = "$(TEST_HOST)";
				CODE_SIGN_STYLE = Automatic;
				CURRENT_PROJECT_VERSION = 1;
				DEVELOPMENT_TEAM = D99DB5VWR6;
				GENERATE_INFOPLIST_FILE = YES;
				IPHONEOS_DEPLOYMENT_TARGET = 17.0;
				MARKETING_VERSION = 1.0;
				PRODUCT_BUNDLE_IDENTIFIER = com.Andy.AppStudioTests;
				PRODUCT_NAME = "$(TARGET_NAME)";
				SWIFT_EMIT_LOC_STRINGS = NO;
				SWIFT_VERSION = 5.0;
				TARGETED_DEVICE_FAMILY = "1,2";
				TEST_HOST = "$(BUILT_PRODUCTS_DIR)/AppStudio.app/$(BUNDLE_EXECUTABLE_FOLDER_PATH)/AppStudio";
			};
			name = Release;
		};
		A1D37B432ACFCF4A00757164 /* Debug */ = {
			isa = XCBuildConfiguration;
			buildSettings = {
				ALWAYS_EMBED_SWIFT_STANDARD_LIBRARIES = YES;
				CODE_SIGN_STYLE = Automatic;
				CURRENT_PROJECT_VERSION = 1;
				DEVELOPMENT_TEAM = D99DB5VWR6;
				GENERATE_INFOPLIST_FILE = YES;
				MARKETING_VERSION = 1.0;
				PRODUCT_BUNDLE_IDENTIFIER = com.Andy.AppStudioUITests;
				PRODUCT_NAME = "$(TARGET_NAME)";
				SWIFT_EMIT_LOC_STRINGS = NO;
				SWIFT_VERSION = 5.0;
				TARGETED_DEVICE_FAMILY = "1,2";
				TEST_TARGET_NAME = AppStudio;
			};
			name = Debug;
		};
		A1D37B442ACFCF4A00757164 /* Release */ = {
			isa = XCBuildConfiguration;
			buildSettings = {
				ALWAYS_EMBED_SWIFT_STANDARD_LIBRARIES = YES;
				CODE_SIGN_STYLE = Automatic;
				CURRENT_PROJECT_VERSION = 1;
				DEVELOPMENT_TEAM = D99DB5VWR6;
				GENERATE_INFOPLIST_FILE = YES;
				MARKETING_VERSION = 1.0;
				PRODUCT_BUNDLE_IDENTIFIER = com.Andy.AppStudioUITests;
				PRODUCT_NAME = "$(TARGET_NAME)";
				SWIFT_EMIT_LOC_STRINGS = NO;
				SWIFT_VERSION = 5.0;
				TARGETED_DEVICE_FAMILY = "1,2";
				TEST_TARGET_NAME = AppStudio;
			};
			name = Release;
		};
/* End XCBuildConfiguration section */

/* Begin XCConfigurationList section */
		A1D37B132ACFCF4800757164 /* Build configuration list for PBXProject "AppStudio" */ = {
			isa = XCConfigurationList;
			buildConfigurations = (
				A1D37B3A2ACFCF4A00757164 /* Debug */,
				A1D37B3B2ACFCF4A00757164 /* Release */,
			);
			defaultConfigurationIsVisible = 0;
			defaultConfigurationName = Release;
		};
		A1D37B3C2ACFCF4A00757164 /* Build configuration list for PBXNativeTarget "AppStudio" */ = {
			isa = XCConfigurationList;
			buildConfigurations = (
				A1D37B3D2ACFCF4A00757164 /* Debug */,
				A1D37B3E2ACFCF4A00757164 /* Release */,
			);
			defaultConfigurationIsVisible = 0;
			defaultConfigurationName = Release;
		};
		A1D37B3F2ACFCF4A00757164 /* Build configuration list for PBXNativeTarget "AppStudioTests" */ = {
			isa = XCConfigurationList;
			buildConfigurations = (
				A1D37B402ACFCF4A00757164 /* Debug */,
				A1D37B412ACFCF4A00757164 /* Release */,
			);
			defaultConfigurationIsVisible = 0;
			defaultConfigurationName = Release;
		};
		A1D37B422ACFCF4A00757164 /* Build configuration list for PBXNativeTarget "AppStudioUITests" */ = {
			isa = XCConfigurationList;
			buildConfigurations = (
				A1D37B432ACFCF4A00757164 /* Debug */,
				A1D37B442ACFCF4A00757164 /* Release */,
			);
			defaultConfigurationIsVisible = 0;
			defaultConfigurationName = Release;
		};
/* End XCConfigurationList section */
	};
	rootObject = A1D37B102ACFCF4800757164 /* Project object */;
}
